PODS:
  - WBSwiftExtensionKit (2)

DEPENDENCIES:
  - WBSwiftExtensionKit (from `../`)

EXTERNAL SOURCES:
  WBSwiftExtensionKit:
    :path: "../"

SPEC CHECKSUMS:
  WBSwiftExtensionKit: faebe63971668d6211d56333ae228844d0625ab3

PODFILE CHECKSUM: ed2b51ad091c9edc3f35b4026ba6fbb2f97c15e9

COCOAPODS: 1.9.1
